// !$*UTF8*$!
{
	archiveVersion = 1;
	classes = {
	};
	objectVersion = 50;
	objects = {

/* Begin PBXBuildFile section */
		DF037AD620C2F22800B1ABAD /* AppDelegate.swift in Sources */ = {isa = PBXBuildFile; fileRef = DF037AD520C2F22800B1ABAD /* AppDelegate.swift */; };
		DF037AD820C2F22800B1ABAD /* ViewController.swift in Sources */ = {isa = PBXBuildFile; fileRef = DF037AD720C2F22800B1ABAD /* ViewController.swift */; };
		DF037ADB20C2F22800B1ABAD /* Main.storyboard in Resources */ = {isa = PBXBuildFile; fileRef = DF037AD920C2F22800B1ABAD /* Main.storyboard */; };
		DF037ADD20C2F22900B1ABAD /* Assets.xcassets in Resources */ = {isa = PBXBuildFile; fileRef = DF037ADC20C2F22900B1ABAD /* Assets.xcassets */; };
		DF037AE020C2F22900B1ABAD /* LaunchScreen.storyboard in Resources */ = {isa = PBXBuildFile; fileRef = DF037ADE20C2F22900B1ABAD /* LaunchScreen.storyboard */; };
		DF0D7A7120C43AD300AF76AD /* CollectionViewController.swift in Sources */ = {isa = PBXBuildFile; fileRef = DF0D7A7020C43AD300AF76AD /* CollectionViewController.swift */; };
/* End PBXBuildFile section */

/* Begin PBXFileReference section */
		DF037AD220C2F22800B1ABAD /* URLSession.app */ = {isa = PBXFileReference; explicitFileType = wrapper.application; includeInIndex = 0; path = URLSession.app; sourceTree = BUILT_PRODUCTS_DIR; };
		DF037AD520C2F22800B1ABAD /* AppDelegate.swift */ = {isa = PBXFileReference; lastKnownFileType = sourcecode.swift; path = AppDelegate.swift; sourceTree = "<group>"; };
		DF037AD720C2F22800B1ABAD /* ViewController.swift */ = {isa = PBXFileReference; lastKnownFileType = sourcecode.swift; path = ViewController.swift; sourceTree = "<group>"; };
		DF037ADA20C2F22800B1ABAD /* Base */ = {isa = PBXFileReference; lastKnownFileType = file.storyboard; name = Base; path = Base.lproj/Main.storyboard; sourceTree = "<group>"; };
		DF037ADC20C2F22900B1ABAD /* Assets.xcassets */ = {isa = PBXFileReference; lastKnownFileType = folder.assetcatalog; path = Assets.xcassets; sourceTree = "<group>"; };
		DF037ADF20C2F22900B1ABAD /* Base */ = {isa = PBXFileReference; lastKnownFileType = file.storyboard; name = Base; path = Base.lproj/LaunchScreen.storyboard; sourceTree = "<group>"; };
		DF037AE120C2F22900B1ABAD /* Info.plist */ = {isa = PBXFileReference; lastKnownFileType = text.plist.xml; path = Info.plist; sourceTree = "<group>"; };
		DF0D7A7020C43AD300AF76AD /* CollectionViewController.swift */ = {isa = PBXFileReference; lastKnownFileType = sourcecode.swift; path = CollectionViewController.swift; sourceTree = "<group>"; };
/* End PBXFileReference section */

/* Begin PBXFrameworksBuildPhase section */
		DF037ACF20C2F22800B1ABAD /* Frameworks */ = {
			isa = PBXFrameworksBuildPhase;
			buildActionMask = 2147483647;
			files = (
			);
			runOnlyForDeploymentPostprocessing = 0;
		};
/* End PBXFrameworksBuildPhase section */

/* Begin PBXGroup section */
		DF037AC920C2F22800B1ABAD = {
			isa = PBXGroup;
			children = (
				DF037AD420C2F22800B1ABAD /* URLSession */,
				DF037AD320C2F22800B1ABAD /* Products */,
			);
			sourceTree = "<group>";
		};
		DF037AD320C2F22800B1ABAD /* Products */ = {
			isa = PBXGroup;
			children = (
				DF037AD220C2F22800B1ABAD /* URLSession.app */,
			);
			name = Products;
			sourceTree = "<group>";
		};
		DF037AD420C2F22800B1ABAD /* URLSession */ = {
			isa = PBXGroup;
			children = (
				DF037AD520C2F22800B1ABAD /* AppDelegate.swift */,
				DF037AD720C2F22800B1ABAD /* ViewController.swift */,
				DF037AD920C2F22800B1ABAD /* Main.storyboard */,
				DF037ADC20C2F22900B1ABAD /* Assets.xcassets */,
				DF037ADE20C2F22900B1ABAD /* LaunchScreen.storyboard */,
				DF037AE120C2F22900B1ABAD /* Info.plist */,
				DF0D7A7020C43AD300AF76AD /* CollectionViewController.swift */,
			);
			path = URLSession;
			sourceTree = "<group>";
		};
/* End PBXGroup section */

/* Begin PBXNativeTarget section */
		DF037AD120C2F22800B1ABAD /* URLSession */ = {
			isa = PBXNativeTarget;
			buildConfigurationList = DF037AE420C2F22900B1ABAD /* Build configuration list for PBXNativeTarget "URLSession" */;
			buildPhases = (
				DF037ACE20C2F22800B1ABAD /* Sources */,
				DF037ACF20C2F22800B1ABAD /* Frameworks */,
				DF037AD020C2F22800B1ABAD /* Resources */,
			);
			buildRules = (
			);
			dependencies = (
			);
			name = URLSession;
			productName = URLSession;
			productReference = DF037AD220C2F22800B1ABAD /* URLSession.app */;
			productType = "com.apple.product-type.application";
		};
/* End PBXNativeTarget section */

/* Begin PBXProject section */
		DF037ACA20C2F22800B1ABAD /* Project object */ = {
			isa = PBXProject;
			attributes = {
				LastSwiftUpdateCheck = 0930;
				LastUpgradeCheck = 0930;
				ORGANIZATIONNAME = "Payal Gupta";
				TargetAttributes = {
					DF037AD120C2F22800B1ABAD = {
						CreatedOnToolsVersion = 9.3;
					};
				};
			};
			buildConfigurationList = DF037ACD20C2F22800B1ABAD /* Build configuration list for PBXProject "URLSession" */;
			compatibilityVersion = "Xcode 9.3";
			developmentRegion = en;
			hasScannedForEncodings = 0;
			knownRegions = (
				en,
				Base,
			);
			mainGroup = DF037AC920C2F22800B1ABAD;
			productRefGroup = DF037AD320C2F22800B1ABAD /* Products */;
			projectDirPath = "";
			projectRoot = "";
			targets = (
				DF037AD120C2F22800B1ABAD /* URLSession */,
			);
		};
/* End PBXProject section */

/* Begin PBXResourcesBuildPhase section */
		DF037AD020C2F22800B1ABAD /* Resources */ = {
			isa = PBXResourcesBuildPhase;
			buildActionMask = 2147483647;
			files = (
				DF037AE020C2F22900B1ABAD /* LaunchScreen.storyboard in Resources */,
				DF037ADD20C2F22900B1ABAD /* Assets.xcassets in Resources */,
				DF037ADB20C2F22800B1ABAD /* Main.storyboard in Resources */,
			);
			runOnlyForDeploymentPostprocessing = 0;
		};
/* End PBXResourcesBuildPhase section */

/* Begin PBXSourcesBuildPhase section */
		DF037ACE20C2F22800B1ABAD /* Sources */ = {
			isa = PBXSourcesBuildPhase;
			buildActionMask = 2147483647;
			files = (
				DF0D7A7120C43AD300AF76AD /* CollectionViewController.swift in Sources */,
				DF037AD820C2F22800B1ABAD /* ViewController.swift in Sources */,
				DF037AD620C2F22800B1ABAD /* AppDelegate.swift in Sources */,
			);
			runOnlyForDeploymentPostprocessing = 0;
		};
/* End PBXSourcesBuildPhase section */

/* Begin PBXVariantGroup section */
		DF037AD920C2F22800B1ABAD /* Main.storyboard */ = {
			isa = PBXVariantGroup;
			children = (
				DF037ADA20C2F22800B1ABAD /* Base */,
			);
			name = Main.storyboard;
			sourceTree = "<group>";
		};
		DF037ADE20C2F22900B1ABAD /* LaunchScreen.storyboard */ = {
			isa = PBXVariantGroup;
			children = (
				DF037ADF20C2F22900B1ABAD /* Base */,
			);
			name = LaunchScreen.storyboard;
			sourceTree = "<group>";
		};
/* End PBXVariantGroup section */

/* Begin XCBuildConfiguration section */
		DF037AE220C2F22900B1ABAD /* Debug */ = {
			isa = XCBuildConfiguration;
			buildSettings = {
				ALWAYS_SEARCH_USER_PATHS = NO;
				CLANG_ANALYZER_NONNULL = YES;
				CLANG_ANALYZER_NUMBER_OBJECT_CONVERSION = YES_AGGRESSIVE;
				CLANG_CXX_LANGUAGE_STANDARD = "gnu++14";
				CLANG_CXX_LIBRARY = "libc++";
				CLANG_ENABLE_MODULES = YES;
				CLANG_ENABLE_OBJC_ARC = YES;
				CLANG_ENABLE_OBJC_WEAK = YES;
				CLANG_WARN_BLOCK_CAPTURE_AUTORELEASING = YES;
				CLANG_WARN_BOOL_CONVERSION = YES;
				CLANG_WARN_COMMA = YES;
				CLANG_WARN_CONSTANT_CONVERSION = YES;
				CLANG_WARN_DEPRECATED_OBJC_IMPLEMENTATIONS = YES;
				CLANG_WARN_DIRECT_OBJC_ISA_USAGE = YES_ERROR;
				CLANG_WARN_DOCUMENTATION_COMMENTS = YES;
				CLANG_WARN_EMPTY_BODY = YES;
				CLANG_WARN_ENUM_CONVERSION = YES;
				CLANG_WARN_INFINITE_RECURSION = YES;
				CLANG_WARN_INT_CONVERSION = YES;
				CLANG_WARN_NON_LITERAL_NULL_CONVERSION = YES;
				CLANG_WARN_OBJC_IMPLICIT_RETAIN_SELF = YES;
				CLANG_WARN_OBJC_LITERAL_CONVERSION = YES;
				CLANG_WARN_OBJC_ROOT_CLASS = YES_ERROR;
				CLANG_WARN_RANGE_LOOP_ANALYSIS = YES;
				CLANG_WARN_STRICT_PROTOTYPES = YES;
				CLANG_WARN_SUSPICIOUS_MOVE = YES;
				CLANG_WARN_UNGUARDED_AVAILABILITY = YES_AGGRESSIVE;
				CLANG_WARN_UNREACHABLE_CODE = YES;
				CLANG_WARN__DUPLICATE_METHOD_MATCH = YES;
				CODE_SIGN_IDENTITY = "iPhone Developer";
				COPY_PHASE_STRIP = NO;
				DEBUG_INFORMATION_FORMAT = dwarf;
				ENABLE_STRICT_OBJC_MSGSEND = YES;
				ENABLE_TESTABILITY = YES;
				GCC_C_LANGUAGE_STANDARD = gnu11;
				GCC_DYNAMIC_NO_PIC = NO;
				GCC_NO_COMMON_BLOCKS = YES;
				GCC_OPTIMIZATION_LEVEL = 0;
				GCC_PREPROCESSOR_DEFINITIONS = (
					"DEBUG=1",
					"$(inherited)",
				);
				GCC_WARN_64_TO_32_BIT_CONVERSION = YES;
				GCC_WARN_ABOUT_RETURN_TYPE = YES_ERROR;
				GCC_WARN_UNDECLARED_SELECTOR = YES;
				GCC_WARN_UNINITIALIZED_AUTOS = YES_AGGRESSIVE;
				GCC_WARN_UNUSED_FUNCTION = YES;
				GCC_WARN_UNUSED_VARIABLE = YES;
				IPHONEOS_DEPLOYMENT_TARGET = 11.3;
				MTL_ENABLE_DEBUG_INFO = YES;
				ONLY_ACTIVE_ARCH = YES;
				SDKROOT = iphoneos;
				SWIFT_ACTIVE_COMPILATION_CONDITIONS = DEBUG;
				SWIFT_OPTIMIZATION_LEVEL = "-Onone";
			};
			name = Debug;
		};
		DF037AE320C2F22900B1ABAD /* Release */ = {
			isa = XCBuildConfiguration;
			buildSettings = {
				ALWAYS_SEARCH_USER_PATHS = NO;
				CLANG_ANALYZER_NONNULL = YES;
				CLANG_ANALYZER_NUMBER_OBJECT_CONVERSION = YES_AGGRESSIVE;
				CLANG_CXX_LANGUAGE_STANDARD = "gnu++14";
				CLANG_CXX_LIBRARY = "libc++";
				CLANG_ENABLE_MODULES = YES;
				CLANG_ENABLE_OBJC_ARC = YES;
				CLANG_ENABLE_OBJC_WEAK = YES;
				CLANG_WARN_BLOCK_CAPTURE_AUTORELEASING = YES;
				CLANG_WARN_BOOL_CONVERSION = YES;
				CLANG_WARN_COMMA = YES;
				CLANG_WARN_CONSTANT_CONVERSION = YES;
				CLANG_WARN_DEPRECATED_OBJC_IMPLEMENTATIONS = YES;
				CLANG_WARN_DIRECT_OBJC_ISA_USAGE = YES_ERROR;
				CLANG_WARN_DOCUMENTATION_COMMENTS = YES;
				CLANG_WARN_EMPTY_BODY = YES;
				CLANG_WARN_ENUM_CONVERSION = YES;
				CLANG_WARN_INFINITE_RECURSION = YES;
				CLANG_WARN_INT_CONVERSION = YES;
				CLANG_WARN_NON_LITERAL_NULL_CONVERSION = YES;
				CLANG_WARN_OBJC_IMPLICIT_RETAIN_SELF = YES;
				CLANG_WARN_OBJC_LITERAL_CONVERSION = YES;
				CLANG_WARN_OBJC_ROOT_CLASS = YES_ERROR;
				CLANG_WARN_RANGE_LOOP_ANALYSIS = YES;
				CLANG_WARN_STRICT_PROTOTYPES = YES;
				CLANG_WARN_SUSPICIOUS_MOVE = YES;
				CLANG_WARN_UNGUARDED_AVAILABILITY = YES_AGGRESSIVE;
				CLANG_WARN_UNREACHABLE_CODE = YES;
				CLANG_WARN__DUPLICATE_METHOD_MATCH = YES;
				CODE_SIGN_IDENTITY = "iPhone Developer";
				COPY_PHASE_STRIP = NO;
				DEBUG_INFORMATION_FORMAT = "dwarf-with-dsym";
				ENABLE_NS_ASSERTIONS = NO;
				ENABLE_STRICT_OBJC_MSGSEND = YES;
				GCC_C_LANGUAGE_STANDARD = gnu11;
				GCC_NO_COMMON_BLOCKS = YES;
				GCC_WARN_64_TO_32_BIT_CONVERSION = YES;
				GCC_WARN_ABOUT_RETURN_TYPE = YES_ERROR;
				GCC_WARN_UNDECLARED_SELECTOR = YES;
				GCC_WARN_UNINITIALIZED_AUTOS = YES_AGGRESSIVE;
				GCC_WARN_UNUSED_FUNCTION = YES;
				GCC_WARN_UNUSED_VARIABLE = YES;
				IPHONEOS_DEPLOYMENT_TARGET = 11.3;
				MTL_ENABLE_DEBUG_INFO = NO;
				SDKROOT = iphoneos;
				SWIFT_COMPILATION_MODE = wholemodule;
				SWIFT_OPTIMIZATION_LEVEL = "-O";
				VALIDATE_PRODUCT = YES;
			};
			name = Release;
		};
		DF037AE520C2F22900B1ABAD /* Debug */ = {
			isa = XCBuildConfiguration;
			buildSettings = {
				ASSETCATALOG_COMPILER_APPICON_NAME = AppIcon;
				CODE_SIGN_STYLE = Manual;
				DEVELOPMENT_TEAM = ZXE2E2DUGR;
				INFOPLIST_FILE = URLSession/Info.plist;
				LD_RUNPATH_SEARCH_PATHS = (
					"$(inherited)",
					"@executable_path/Frameworks",
				);
				PRODUCT_BUNDLE_IDENTIFIER = com.pdiosdev.URLSession;
				PRODUCT_NAME = "$(TARGET_NAME)";
				PROVISIONING_PROFILE = "1e1d2799-a2d3-4a1b-8185-ef609455eff4";
				PROVISIONING_PROFILE_SPECIFIER = WildcardDevelopment;
				SWIFT_VERSION = 4.0;
				TARGETED_DEVICE_FAMILY = "1,2";
			};
			name = Debug;
		};
		DF037AE620C2F22900B1ABAD /* Release */ = {
			isa = XCBuildConfiguration;
			buildSettings = {
				ASSETCATALOG_COMPILER_APPICON_NAME = AppIcon;
				CODE_SIGN_STYLE = Manual;
				DEVELOPMENT_TEAM = ZXE2E2DUGR;
				INFOPLIST_FILE = URLSession/Info.plist;
				LD_RUNPATH_SEARCH_PATHS = (
					"$(inherited)",
					"@executable_path/Frameworks",
				);
				PRODUCT_BUNDLE_IDENTIFIER = com.pdiosdev.URLSession;
				PRODUCT_NAME = "$(TARGET_NAME)";
				PROVISIONING_PROFILE = "1e1d2799-a2d3-4a1b-8185-ef609455eff4";
				PROVISIONING_PROFILE_SPECIFIER = WildcardDevelopment;
				SWIFT_VERSION = 4.0;
				TARGETED_DEVICE_FAMILY = "1,2";
			};
			name = Release;
		};
/* End XCBuildConfiguration section */

/* Begin XCConfigurationList section */
		DF037ACD20C2F22800B1ABAD /* Build configuration list for PBXProject "URLSession" */ = {
			isa = XCConfigurationList;
			buildConfigurations = (
				DF037AE220C2F22900B1ABAD /* Debug */,
				DF037AE320C2F22900B1ABAD /* Release */,
			);
			defaultConfigurationIsVisible = 0;
			defaultConfigurationName = Release;
		};
		DF037AE420C2F22900B1ABAD /* Build configuration list for PBXNativeTarget "URLSession" */ = {
			isa = XCConfigurationList;
			buildConfigurations = (
				DF037AE520C2F22900B1ABAD /* Debug */,
				DF037AE620C2F22900B1ABAD /* Release */,
			);
			defaultConfigurationIsVisible = 0;
			defaultConfigurationName = Release;
		};
/* End XCConfigurationList section */
	};
	rootObject = DF037ACA20C2F22800B1ABAD /* Project object */;
}
